{"version":4,"terraform_version":"1.9.0","serial":2,"lineage":"86743180-5404-fdc5-d783-e065bc7562e1","outputs":{"app_name":{"value":"alertmanager","type":"string"},"endpoints":{"value":{"alerting":"alerting","catalogue":"catalogue","certificates":"certificates","grafana_dashboard":"grafana-dashboard","grafana_source":"grafana-source","ingress":"ingress","karma_dashboard":"karma-dashboard","remote_configuration":"remote-configuration","self_metrics_endpoint":"self-metrics-endpoint:","tracing":"tracing"},"type":["object",{"alerting":"string","catalogue":"string","certificates":"string","grafana_dashboard":"string","grafana_source":"string","ingress":"string","karma_dashboard":"string","remote_configuration":"string","self_metrics_endpoint":"string","tracing":"string"}]}},"resources":[{"mode":"managed","type":"juju_application","name":"alertmanager","provider":"provider[\"registry.opentofu.org/juju/juju\"]","instances":[{"schema_version":0,"attributes":{"charm":[{"base":"ubuntu@20.04","channel":"latest/stable","name":"alertmanager-k8s","revision":147,"series":"focal"}],"config":{},"constraints":"arch=amd64","endpoint_bindings":null,"expose":[],"id":"tf:alertmanager","model":"tf","model_type":"caas","name":"alertmanager","placement":"","principal":null,"resources":null,"storage":[{"count":1,"label":"data-1","pool":"kubernetes","size":"1G"}],"storage_directives":null,"trust":true,"units":1},"sensitive_attributes":[]}]}],"check_results":null}
